
Microsoft Visual Studio Solution File, Format Version 11.00
# Visual C# Express 2010
Project("{FAE04EC0-301F-11D3-BF4B-00C04F79EFBC}") = "DiffurTranslator2", "DiffurTranslator2\DiffurTranslator2.csproj", "{1DA0550F-9E80-44DB-BCE6-2E38EB58B231}"
EndProject
Global
	GlobalSection(SolutionConfigurationPlatforms) = preSolution
		Debug|x86 = Debug|x86
		Release|x86 = Release|x86
	EndGlobalSection
	GlobalSection(ProjectConfigurationPlatforms) = postSolution
		{1DA0550F-9E80-44DB-BCE6-2E38EB58B231}.Debug|x86.ActiveCfg = Debug|x86
		{1DA0550F-9E80-44DB-BCE6-2E38EB58B231}.Debug|x86.Build.0 = Debug|x86
		{1DA0550F-9E80-44DB-BCE6-2E38EB58B231}.Release|x86.ActiveCfg = Release|x86
		{1DA0550F-9E80-44DB-BCE6-2E38EB58B231}.Release|x86.Build.0 = Release|x86
	EndGlobalSection
	GlobalSection(SolutionProperties) = preSolution
		HideSolutionNode = FALSE
	EndGlobalSection
EndGlobal
